# This file is automatically @generated by Cargo.
# It is not intended for manual editing.
version = 4

[[package]]
name = "count-calls"
version = "0.0.0"
dependencies = [
 "mirth",
 "mirth-build",
]

[[package]]
name = "mirth"
version = "0.0.0"
dependencies = [
 "twox-hash",
]

[[package]]
name = "mirth-build"
version = "0.0.0"

[[package]]
name = "twox-hash"
version = "2.1.5"
source = "registry+https://github.com/rust-lang/crates.io-index"
checksum = "86a801b3cea342a06d468c8710662aa29e5e05e4f5c0d62f00bbb7f2ad7941c2"
