# This file is automatically @generated by Cargo.
# It is not intended for manual editing.
version = 4

[[package]]
name = "wide"
version = "0.0.0"
dependencies = [
 "wide-core",
 "wide-user",
]

[[package]]
name = "wide-core"
version = "0.0.0"

[[package]]
name = "wide-derive"
version = "0.0.0"

[[package]]
name = "wide-user"
version = "0.0.0"
dependencies = [
 "wide-core",
 "wide-derive",
]
